{
  "name": "@qawolf/jest-plugin",
  "version": "0.9.0-beta.1",
  "lockfileVersion": 1,
  "requires": true,
  "dependencies": {
    "@qawolf/jasmine-fail-fast": {
      "version": "2.0.1",
      "resolved": "https://registry.npmjs.org/@qawolf/jasmine-fail-fast/-/jasmine-fail-fast-2.0.1.tgz",
      "integrity": "sha512-zyoNwhpaEWxa5fCpQO+iEJ2oSZwW2nKhRyQkbcRmrqiJRhSkgeQd6ocn2r6IwELa/VbkClEZW4pszOFO7SurLw==",
      "requires": {
        "lodash": "^4.17.15"
      }
    },
    "lodash": {
      "version": "4.17.15",
      "resolved": "https://registry.npmjs.org/lodash/-/lodash-4.17.15.tgz",
      "integrity": "sha512-8xOcRHvCjnocdS5cpwXQXVzmmh5e5+saE2QGoeQmbKmRS6J3VQppPOIt0MnmE+4xlZoumy0GPG0D0MVIQbNA1A=="
    }
  }
}
