{
	"name": "@qawolf/runner",
	"version": "0.3.0",
	"lockfileVersion": 1,
	"requires": true,
	"dependencies": {
		"@types/lodash": {
			"version": "4.14.144",
			"resolved": "https://registry.npmjs.org/@types/lodash/-/lodash-4.14.144.tgz",
			"integrity": "sha512-ogI4g9W5qIQQUhXAclq6zhqgqNUr7UlFaqDHbch7WLSLeeM/7d3CRaw7GLajxvyFvhJqw4Rpcz5bhoaYtIx6Tg==",
			"dev": true
		},
		"lodash": {
			"version": "4.17.15",
			"resolved": "https://registry.npmjs.org/lodash/-/lodash-4.17.15.tgz",
			"integrity": "sha512-8xOcRHvCjnocdS5cpwXQXVzmmh5e5+saE2QGoeQmbKmRS6J3VQppPOIt0MnmE+4xlZoumy0GPG0D0MVIQbNA1A=="
		}
	}
}
