{
  "name": "@qawolf/jest-environment",
  "version": "0.3.0",
  "lockfileVersion": 1,
  "requires": true,
  "dependencies": {
    "@types/node": {
      "version": "12.7.12",
      "resolved": "https://registry.npmjs.org/@types/node/-/node-12.7.12.tgz",
      "integrity": "sha512-KPYGmfD0/b1eXurQ59fXD1GBzhSQfz6/lKBxkaHX9dKTzjXbK68Zt7yGUxUsCS1jeTy/8aL+d9JEr+S54mpkWQ==",
      "dev": true
    },
    "@types/puppeteer": {
      "version": "1.20.2",
      "resolved": "https://registry.npmjs.org/@types/puppeteer/-/puppeteer-1.20.2.tgz",
      "integrity": "sha512-oSFCtftHSfVx8K9XPdNNYs79Zt4pYJs/0NP78ltuGCB25zS3UNGJSiypBfbhbvRC5Dcsh0k1R5Z0i8HHtqQUPQ==",
      "dev": true,
      "requires": {
        "@types/node": "*"
      }
    }
  }
}
