{
  "name": "@qawolf/repl",
  "version": "0.9.0-beta.0",
  "lockfileVersion": 1,
  "requires": true,
  "dependencies": {
    "async-to-gen": {
      "version": "1.3.3",
      "resolved": "https://registry.npmjs.org/async-to-gen/-/async-to-gen-1.3.3.tgz",
      "integrity": "sha1-1SyftIAfDfRKvE0t4YcLSLYOILs=",
      "requires": {
        "babylon": "^6.14.0",
        "magic-string": "^0.19.0"
      }
    },
    "await-outside": {
      "version": "3.0.0",
      "resolved": "https://registry.npmjs.org/await-outside/-/await-outside-3.0.0.tgz",
      "integrity": "sha512-ZIxAOB+YJvmzUR4VKVX+SWtdlXfNUAv0fkZWZvtz12A5lexesibQDeiK+XhPanA6DMCscuT+9tZ3OBIPGTmZ7A==",
      "requires": {
        "async-to-gen": "~1.3.2"
      }
    },
    "babylon": {
      "version": "6.18.0",
      "resolved": "https://registry.npmjs.org/babylon/-/babylon-6.18.0.tgz",
      "integrity": "sha512-q/UEjfGJ2Cm3oKV71DJz9d25TPnq5rhBVL2Q4fA5wcC3jcrdn7+SssEybFIxwAvvP+YCsCYNKughoF33GxgycQ=="
    },
    "jest-mock-process": {
      "version": "1.3.2",
      "resolved": "https://registry.npmjs.org/jest-mock-process/-/jest-mock-process-1.3.2.tgz",
      "integrity": "sha512-HQaOYeHzz9B1J50SAB+Ikh/12MH6hkckquZ5VwRalRq0+lf6Gv6qZGBAH/y5K3iuWtDeC7iO/36cKMUYCN2vtQ==",
      "dev": true
    },
    "kleur": {
      "version": "3.0.3",
      "resolved": "https://registry.npmjs.org/kleur/-/kleur-3.0.3.tgz",
      "integrity": "sha512-eTIzlVOSUR+JxdDFepEYcBMtZ9Qqdef+rnzWdRZuMbOywu5tO2w2N7rqjoANZ5k9vywhL6Br1VRjUIgTQx4E8w=="
    },
    "magic-string": {
      "version": "0.19.1",
      "resolved": "https://registry.npmjs.org/magic-string/-/magic-string-0.19.1.tgz",
      "integrity": "sha1-FNdoATyvLsj96hakmvgvw3fnUgE=",
      "requires": {
        "vlq": "^0.2.1"
      }
    },
    "vlq": {
      "version": "0.2.3",
      "resolved": "https://registry.npmjs.org/vlq/-/vlq-0.2.3.tgz",
      "integrity": "sha512-DRibZL6DsNhIgYQ+wNdWDL2SL3bKPlVrRiBqV5yuMm++op8W4kGFtaQfCs4KEJn0wBZcHVHJ3eoywX8983k1ow=="
    }
  }
}
