{
  "name": "@qawolf/build-job",
  "version": "0.3.0",
  "lockfileVersion": 1,
  "requires": true,
  "dependencies": {
    "@qawolf/fixtures": {
      "version": "1.3.0",
      "resolved": "https://registry.npmjs.org/@qawolf/fixtures/-/fixtures-1.3.0.tgz",
      "integrity": "sha512-zlHdx61oXvyjm92hUobQeW/+YwC01JcQldIVsVPM06GuPeoCW9djcVzOoEkntb9sEoQO95RI72oWnsNm6CPoJg==",
      "dev": true,
      "requires": {
        "fs-extra": "^8.1.0"
      }
    },
    "@types/smoothscroll-polyfill": {
      "version": "0.3.1",
      "resolved": "https://registry.npmjs.org/@types/smoothscroll-polyfill/-/smoothscroll-polyfill-0.3.1.tgz",
      "integrity": "sha512-+KkHw4y+EyeCtVXET7woHUhIbfWFCflc0E0mZnSV+ZdjPQeHt/9KPEuT7gSW/kFQ8O3EG30PLO++YhChDt8+Ag==",
      "dev": true
    },
    "fs-extra": {
      "version": "8.1.0",
      "resolved": "https://registry.npmjs.org/fs-extra/-/fs-extra-8.1.0.tgz",
      "integrity": "sha512-yhlQgA6mnOJUKOsRUFsgJdQCvkKhcz8tlZG5HBQfReYZy46OwLcY+Zia0mtdHsOo9y/hP+CxMN0TU9QxoOtG4g==",
      "dev": true,
      "requires": {
        "graceful-fs": "^4.2.0",
        "jsonfile": "^4.0.0",
        "universalify": "^0.1.0"
      }
    },
    "graceful-fs": {
      "version": "4.2.2",
      "resolved": "https://registry.npmjs.org/graceful-fs/-/graceful-fs-4.2.2.tgz",
      "integrity": "sha512-IItsdsea19BoLC7ELy13q1iJFNmd7ofZH5+X/pJr90/nRoPEX0DJo1dHDbgtYWOhJhcCgMDTOw84RZ72q6lB+Q==",
      "dev": true
    },
    "jsonfile": {
      "version": "4.0.0",
      "resolved": "https://registry.npmjs.org/jsonfile/-/jsonfile-4.0.0.tgz",
      "integrity": "sha1-h3Gq4HmbZAdrdmQPygWPnBDjPss=",
      "dev": true,
      "requires": {
        "graceful-fs": "^4.1.6"
      }
    },
    "mitt": {
      "version": "1.1.3",
      "resolved": "https://registry.npmjs.org/mitt/-/mitt-1.1.3.tgz",
      "integrity": "sha512-mUDCnVNsAi+eD6qA0HkRkwYczbLHJ49z17BGe2PYRhZL4wpZUFZGJHU7/5tmvohoma+Hdn0Vh/oJTiPEmgSruA==",
      "dev": true
    },
    "rrweb": {
      "version": "0.7.25",
      "resolved": "https://registry.npmjs.org/rrweb/-/rrweb-0.7.25.tgz",
      "integrity": "sha512-aZkwRevj32U5UbmPnEc6d4aGvcQXx07VxW09Mu0s9QnEmZRtNVdgfQux6QGpMFEyqXyUQXMAIIImxBM53bSn8w==",
      "dev": true,
      "requires": {
        "@types/smoothscroll-polyfill": "^0.3.0",
        "mitt": "^1.1.3",
        "rrweb-snapshot": "^0.7.18",
        "smoothscroll-polyfill": "^0.4.3"
      }
    },
    "rrweb-snapshot": {
      "version": "0.7.20",
      "resolved": "https://registry.npmjs.org/rrweb-snapshot/-/rrweb-snapshot-0.7.20.tgz",
      "integrity": "sha512-IcKBCtI9jnzTLG7sro51hmM+hlDaAtp/m211DBt4j1z4djCHpuwPv7G7DWQwMCn/gzYOX6a2XXhYmHKlJnavLw==",
      "dev": true
    },
    "smoothscroll-polyfill": {
      "version": "0.4.4",
      "resolved": "https://registry.npmjs.org/smoothscroll-polyfill/-/smoothscroll-polyfill-0.4.4.tgz",
      "integrity": "sha512-TK5ZA9U5RqCwMpfoMq/l1mrH0JAR7y7KRvOBx0n2869aLxch+gT9GhN3yUfjiw+d/DiF1mKo14+hd62JyMmoBg==",
      "dev": true
    },
    "universalify": {
      "version": "0.1.2",
      "resolved": "https://registry.npmjs.org/universalify/-/universalify-0.1.2.tgz",
      "integrity": "sha512-rBJeI5CXAlmy1pV+617WB9J63U6XcazHHF2f2dbJix4XzpUF0RS3Zbj0FGIOCAva5P/d/GBOYaACQ1w+0azUkg==",
      "dev": true
    }
  }
}
